{
  "name": "vidmind",
  "version": "1.0.0",
  "lockfileVersion": 3,
  "requires": true,
  "packages": {
    "": {
      "name": "vidmind",
      "version": "1.0.0",
      "license": "MIT",
      "bin": {
        "vidmind": "bin/vidmind.js"
      },
      "engines": {
        "node": ">=18"
      }
    }
  }
}
